// !$*UTF8*$!
{
	archiveVersion = 1;
	classes = {
	};
	objectVersion = 46;
	objects = {

/* Begin PBXBuildFile section */
		E2496B3A1C8DAA1B00B45EE1 /* main.m in Sources */ = {isa = PBXBuildFile; fileRef = E2496B391C8DAA1B00B45EE1 /* main.m */; };
		E2496B3D1C8DAA1B00B45EE1 /* AppDelegate.m in Sources */ = {isa = PBXBuildFile; fileRef = E2496B3C1C8DAA1B00B45EE1 /* AppDelegate.m */; };
		E2496B401C8DAA1B00B45EE1 /* ViewController.m in Sources */ = {isa = PBXBuildFile; fileRef = E2496B3F1C8DAA1B00B45EE1 /* ViewController.m */; };
		E2496B431C8DAA1B00B45EE1 /* Main.storyboard in Resources */ = {isa = PBXBuildFile; fileRef = E2496B411C8DAA1B00B45EE1 /* Main.storyboard */; };
		E2496B451C8DAA1B00B45EE1 /* Assets.xcassets in Resources */ = {isa = PBXBuildFile; fileRef = E2496B441C8DAA1B00B45EE1 /* Assets.xcassets */; };
		E2496B481C8DAA1B00B45EE1 /* LaunchScreen.storyboard in Resources */ = {isa = PBXBuildFile; fileRef = E2496B461C8DAA1B00B45EE1 /* LaunchScreen.storyboard */; };
		E2496B531C8DAA1B00B45EE1 /* sinaWeiBoTests.m in Sources */ = {isa = PBXBuildFile; fileRef = E2496B521C8DAA1B00B45EE1 /* sinaWeiBoTests.m */; };
		E2496B5E1C8DAA1B00B45EE1 /* sinaWeiBoUITests.m in Sources */ = {isa = PBXBuildFile; fileRef = E2496B5D1C8DAA1B00B45EE1 /* sinaWeiBoUITests.m */; };
/* End PBXBuildFile section */

/* Begin PBXContainerItemProxy section */
		E2496B4F1C8DAA1B00B45EE1 /* PBXContainerItemProxy */ = {
			isa = PBXContainerItemProxy;
			containerPortal = E2496B2D1C8DAA1B00B45EE1 /* Project object */;
			proxyType = 1;
			remoteGlobalIDString = E2496B341C8DAA1B00B45EE1;
			remoteInfo = sinaWeiBo;
		};
		E2496B5A1C8DAA1B00B45EE1 /* PBXContainerItemProxy */ = {
			isa = PBXContainerItemProxy;
			containerPortal = E2496B2D1C8DAA1B00B45EE1 /* Project object */;
			proxyType = 1;
			remoteGlobalIDString = E2496B341C8DAA1B00B45EE1;
			remoteInfo = sinaWeiBo;
		};
/* End PBXContainerItemProxy section */

/* Begin PBXFileReference section */
		E2496B351C8DAA1B00B45EE1 /* sinaWeiBo.app */ = {isa = PBXFileReference; explicitFileType = wrapper.application; includeInIndex = 0; path = sinaWeiBo.app; sourceTree = BUILT_PRODUCTS_DIR; };
		E2496B391C8DAA1B00B45EE1 /* main.m */ = {isa = PBXFileReference; lastKnownFileType = sourcecode.c.objc; path = main.m; sourceTree = "<group>"; };
		E2496B3B1C8DAA1B00B45EE1 /* AppDelegate.h */ = {isa = PBXFileReference; lastKnownFileType = sourcecode.c.h; path = AppDelegate.h; sourceTree = "<group>"; };
		E2496B3C1C8DAA1B00B45EE1 /* AppDelegate.m */ = {isa = PBXFileReference; lastKnownFileType = sourcecode.c.objc; path = AppDelegate.m; sourceTree = "<group>"; };
		E2496B3E1C8DAA1B00B45EE1 /* ViewController.h */ = {isa = PBXFileReference; lastKnownFileType = sourcecode.c.h; path = ViewController.h; sourceTree = "<group>"; };
		E2496B3F1C8DAA1B00B45EE1 /* ViewController.m */ = {isa = PBXFileReference; lastKnownFileType = sourcecode.c.objc; path = ViewController.m; sourceTree = "<group>"; };
		E2496B421C8DAA1B00B45EE1 /* Base */ = {isa = PBXFileReference; lastKnownFileType = file.storyboard; name = Base; path = Base.lproj/Main.storyboard; sourceTree = "<group>"; };
		E2496B441C8DAA1B00B45EE1 /* Assets.xcassets */ = {isa = PBXFileReference; lastKnownFileType = folder.assetcatalog; path = Assets.xcassets; sourceTree = "<group>"; };
		E2496B471C8DAA1B00B45EE1 /* Base */ = {isa = PBXFileReference; lastKnownFileType = file.storyboard; name = Base; path = Base.lproj/LaunchScreen.storyboard; sourceTree = "<group>"; };
		E2496B491C8DAA1B00B45EE1 /* Info.plist */ = {isa = PBXFileReference; lastKnownFileType = text.plist.xml; path = Info.plist; sourceTree = "<group>"; };
		E2496B4E1C8DAA1B00B45EE1 /* sinaWeiBoTests.xctest */ = {isa = PBXFileReference; explicitFileType = wrapper.cfbundle; includeInIndex = 0; path = sinaWeiBoTests.xctest; sourceTree = BUILT_PRODUCTS_DIR; };
		E2496B521C8DAA1B00B45EE1 /* sinaWeiBoTests.m */ = {isa = PBXFileReference; lastKnownFileType = sourcecode.c.objc; path = sinaWeiBoTests.m; sourceTree = "<group>"; };
		E2496B541C8DAA1B00B45EE1 /* Info.plist */ = {isa = PBXFileReference; lastKnownFileType = text.plist.xml; path = Info.plist; sourceTree = "<group>"; };
		E2496B591C8DAA1B00B45EE1 /* sinaWeiBoUITests.xctest */ = {isa = PBXFileReference; explicitFileType = wrapper.cfbundle; includeInIndex = 0; path = sinaWeiBoUITests.xctest; sourceTree = BUILT_PRODUCTS_DIR; };
		E2496B5D1C8DAA1B00B45EE1 /* sinaWeiBoUITests.m */ = {isa = PBXFileReference; lastKnownFileType = sourcecode.c.objc; path = sinaWeiBoUITests.m; sourceTree = "<group>"; };
		E2496B5F1C8DAA1B00B45EE1 /* Info.plist */ = {isa = PBXFileReference; lastKnownFileType = text.plist.xml; path = Info.plist; sourceTree = "<group>"; };
/* End PBXFileReference section */

/* Begin PBXFrameworksBuildPhase section */
		E2496B321C8DAA1B00B45EE1 /* Frameworks */ = {
			isa = PBXFrameworksBuildPhase;
			buildActionMask = 2147483647;
			files = (
			);
			runOnlyForDeploymentPostprocessing = 0;
		};
		E2496B4B1C8DAA1B00B45EE1 /* Frameworks */ = {
			isa = PBXFrameworksBuildPhase;
			buildActionMask = 2147483647;
			files = (
			);
			runOnlyForDeploymentPostprocessing = 0;
		};
		E2496B561C8DAA1B00B45EE1 /* Frameworks */ = {
			isa = PBXFrameworksBuildPhase;
			buildActionMask = 2147483647;
			files = (
			);
			runOnlyForDeploymentPostprocessing = 0;
		};
/* End PBXFrameworksBuildPhase section */

/* Begin PBXGroup section */
		E2496B2C1C8DAA1B00B45EE1 = {
			isa = PBXGroup;
			children = (
				E2496B371C8DAA1B00B45EE1 /* sinaWeiBo */,
				E2496B511C8DAA1B00B45EE1 /* sinaWeiBoTests */,
				E2496B5C1C8DAA1B00B45EE1 /* sinaWeiBoUITests */,
				E2496B361C8DAA1B00B45EE1 /* Products */,
			);
			sourceTree = "<group>";
		};
		E2496B361C8DAA1B00B45EE1 /* Products */ = {
			isa = PBXGroup;
			children = (
				E2496B351C8DAA1B00B45EE1 /* sinaWeiBo.app */,
				E2496B4E1C8DAA1B00B45EE1 /* sinaWeiBoTests.xctest */,
				E2496B591C8DAA1B00B45EE1 /* sinaWeiBoUITests.xctest */,
			);
			name = Products;
			sourceTree = "<group>";
		};
		E2496B371C8DAA1B00B45EE1 /* sinaWeiBo */ = {
			isa = PBXGroup;
			children = (
				E2496B3B1C8DAA1B00B45EE1 /* AppDelegate.h */,
				E2496B3C1C8DAA1B00B45EE1 /* AppDelegate.m */,
				E2496B3E1C8DAA1B00B45EE1 /* ViewController.h */,
				E2496B3F1C8DAA1B00B45EE1 /* ViewController.m */,
				E2496B411C8DAA1B00B45EE1 /* Main.storyboard */,
				E2496B441C8DAA1B00B45EE1 /* Assets.xcassets */,
				E2496B461C8DAA1B00B45EE1 /* LaunchScreen.storyboard */,
				E2496B491C8DAA1B00B45EE1 /* Info.plist */,
				E2496B381C8DAA1B00B45EE1 /* Supporting Files */,
			);
			path = sinaWeiBo;
			sourceTree = "<group>";
		};
		E2496B381C8DAA1B00B45EE1 /* Supporting Files */ = {
			isa = PBXGroup;
			children = (
				E2496B391C8DAA1B00B45EE1 /* main.m */,
			);
			name = "Supporting Files";
			sourceTree = "<group>";
		};
		E2496B511C8DAA1B00B45EE1 /* sinaWeiBoTests */ = {
			isa = PBXGroup;
			children = (
				E2496B521C8DAA1B00B45EE1 /* sinaWeiBoTests.m */,
				E2496B541C8DAA1B00B45EE1 /* Info.plist */,
			);
			path = sinaWeiBoTests;
			sourceTree = "<group>";
		};
		E2496B5C1C8DAA1B00B45EE1 /* sinaWeiBoUITests */ = {
			isa = PBXGroup;
			children = (
				E2496B5D1C8DAA1B00B45EE1 /* sinaWeiBoUITests.m */,
				E2496B5F1C8DAA1B00B45EE1 /* Info.plist */,
			);
			path = sinaWeiBoUITests;
			sourceTree = "<group>";
		};
/* End PBXGroup section */

/* Begin PBXNativeTarget section */
		E2496B341C8DAA1B00B45EE1 /* sinaWeiBo */ = {
			isa = PBXNativeTarget;
			buildConfigurationList = E2496B621C8DAA1B00B45EE1 /* Build configuration list for PBXNativeTarget "sinaWeiBo" */;
			buildPhases = (
				E2496B311C8DAA1B00B45EE1 /* Sources */,
				E2496B321C8DAA1B00B45EE1 /* Frameworks */,
				E2496B331C8DAA1B00B45EE1 /* Resources */,
			);
			buildRules = (
			);
			dependencies = (
			);
			name = sinaWeiBo;
			productName = sinaWeiBo;
			productReference = E2496B351C8DAA1B00B45EE1 /* sinaWeiBo.app */;
			productType = "com.apple.product-type.application";
		};
		E2496B4D1C8DAA1B00B45EE1 /* sinaWeiBoTests */ = {
			isa = PBXNativeTarget;
			buildConfigurationList = E2496B651C8DAA1B00B45EE1 /* Build configuration list for PBXNativeTarget "sinaWeiBoTests" */;
			buildPhases = (
				E2496B4A1C8DAA1B00B45EE1 /* Sources */,
				E2496B4B1C8DAA1B00B45EE1 /* Frameworks */,
				E2496B4C1C8DAA1B00B45EE1 /* Resources */,
			);
			buildRules = (
			);
			dependencies = (
				E2496B501C8DAA1B00B45EE1 /* PBXTargetDependency */,
			);
			name = sinaWeiBoTests;
			productName = sinaWeiBoTests;
			productReference = E2496B4E1C8DAA1B00B45EE1 /* sinaWeiBoTests.xctest */;
			productType = "com.apple.product-type.bundle.unit-test";
		};
		E2496B581C8DAA1B00B45EE1 /* sinaWeiBoUITests */ = {
			isa = PBXNativeTarget;
			buildConfigurationList = E2496B681C8DAA1B00B45EE1 /* Build configuration list for PBXNativeTarget "sinaWeiBoUITests" */;
			buildPhases = (
				E2496B551C8DAA1B00B45EE1 /* Sources */,
				E2496B561C8DAA1B00B45EE1 /* Frameworks */,
				E2496B571C8DAA1B00B45EE1 /* Resources */,
			);
			buildRules = (
			);
			dependencies = (
				E2496B5B1C8DAA1B00B45EE1 /* PBXTargetDependency */,
			);
			name = sinaWeiBoUITests;
			productName = sinaWeiBoUITests;
			productReference = E2496B591C8DAA1B00B45EE1 /* sinaWeiBoUITests.xctest */;
			productType = "com.apple.product-type.bundle.ui-testing";
		};
/* End PBXNativeTarget section */

/* Begin PBXProject section */
		E2496B2D1C8DAA1B00B45EE1 /* Project object */ = {
			isa = PBXProject;
			attributes = {
				LastUpgradeCheck = 0720;
				ORGANIZATIONNAME = zhenglilan;
				TargetAttributes = {
					E2496B341C8DAA1B00B45EE1 = {
						CreatedOnToolsVersion = 7.2.1;
					};
					E2496B4D1C8DAA1B00B45EE1 = {
						CreatedOnToolsVersion = 7.2.1;
						TestTargetID = E2496B341C8DAA1B00B45EE1;
					};
					E2496B581C8DAA1B00B45EE1 = {
						CreatedOnToolsVersion = 7.2.1;
						TestTargetID = E2496B341C8DAA1B00B45EE1;
					};
				};
			};
			buildConfigurationList = E2496B301C8DAA1B00B45EE1 /* Build configuration list for PBXProject "sinaWeiBo" */;
			compatibilityVersion = "Xcode 3.2";
			developmentRegion = English;
			hasScannedForEncodings = 0;
			knownRegions = (
				en,
				Base,
			);
			mainGroup = E2496B2C1C8DAA1B00B45EE1;
			productRefGroup = E2496B361C8DAA1B00B45EE1 /* Products */;
			projectDirPath = "";
			projectRoot = "";
			targets = (
				E2496B341C8DAA1B00B45EE1 /* sinaWeiBo */,
				E2496B4D1C8DAA1B00B45EE1 /* sinaWeiBoTests */,
				E2496B581C8DAA1B00B45EE1 /* sinaWeiBoUITests */,
			);
		};
/* End PBXProject section */

/* Begin PBXResourcesBuildPhase section */
		E2496B331C8DAA1B00B45EE1 /* Resources */ = {
			isa = PBXResourcesBuildPhase;
			buildActionMask = 2147483647;
			files = (
				E2496B481C8DAA1B00B45EE1 /* LaunchScreen.storyboard in Resources */,
				E2496B451C8DAA1B00B45EE1 /* Assets.xcassets in Resources */,
				E2496B431C8DAA1B00B45EE1 /* Main.storyboard in Resources */,
			);
			runOnlyForDeploymentPostprocessing = 0;
		};
		E2496B4C1C8DAA1B00B45EE1 /* Resources */ = {
			isa = PBXResourcesBuildPhase;
			buildActionMask = 2147483647;
			files = (
			);
			runOnlyForDeploymentPostprocessing = 0;
		};
		E2496B571C8DAA1B00B45EE1 /* Resources */ = {
			isa = PBXResourcesBuildPhase;
			buildActionMask = 2147483647;
			files = (
			);
			runOnlyForDeploymentPostprocessing = 0;
		};
/* End PBXResourcesBuildPhase section */

/* Begin PBXSourcesBuildPhase section */
		E2496B311C8DAA1B00B45EE1 /* Sources */ = {
			isa = PBXSourcesBuildPhase;
			buildActionMask = 2147483647;
			files = (
				E2496B401C8DAA1B00B45EE1 /* ViewController.m in Sources */,
				E2496B3D1C8DAA1B00B45EE1 /* AppDelegate.m in Sources */,
				E2496B3A1C8DAA1B00B45EE1 /* main.m in Sources */,
			);
			runOnlyForDeploymentPostprocessing = 0;
		};
		E2496B4A1C8DAA1B00B45EE1 /* Sources */ = {
			isa = PBXSourcesBuildPhase;
			buildActionMask = 2147483647;
			files = (
				E2496B531C8DAA1B00B45EE1 /* sinaWeiBoTests.m in Sources */,
			);
			runOnlyForDeploymentPostprocessing = 0;
		};
		E2496B551C8DAA1B00B45EE1 /* Sources */ = {
			isa = PBXSourcesBuildPhase;
			buildActionMask = 2147483647;
			files = (
				E2496B5E1C8DAA1B00B45EE1 /* sinaWeiBoUITests.m in Sources */,
			);
			runOnlyForDeploymentPostprocessing = 0;
		};
/* End PBXSourcesBuildPhase section */

/* Begin PBXTargetDependency section */
		E2496B501C8DAA1B00B45EE1 /* PBXTargetDependency */ = {
			isa = PBXTargetDependency;
			target = E2496B341C8DAA1B00B45EE1 /* sinaWeiBo */;
			targetProxy = E2496B4F1C8DAA1B00B45EE1 /* PBXContainerItemProxy */;
		};
		E2496B5B1C8DAA1B00B45EE1 /* PBXTargetDependency */ = {
			isa = PBXTargetDependency;
			target = E2496B341C8DAA1B00B45EE1 /* sinaWeiBo */;
			targetProxy = E2496B5A1C8DAA1B00B45EE1 /* PBXContainerItemProxy */;
		};
/* End PBXTargetDependency section */

/* Begin PBXVariantGroup section */
		E2496B411C8DAA1B00B45EE1 /* Main.storyboard */ = {
			isa = PBXVariantGroup;
			children = (
				E2496B421C8DAA1B00B45EE1 /* Base */,
			);
			name = Main.storyboard;
			sourceTree = "<group>";
		};
		E2496B461C8DAA1B00B45EE1 /* LaunchScreen.storyboard */ = {
			isa = PBXVariantGroup;
			children = (
				E2496B471C8DAA1B00B45EE1 /* Base */,
			);
			name = LaunchScreen.storyboard;
			sourceTree = "<group>";
		};
/* End PBXVariantGroup section */

/* Begin XCBuildConfiguration section */
		E2496B601C8DAA1B00B45EE1 /* Debug */ = {
			isa = XCBuildConfiguration;
			buildSettings = {
				ALWAYS_SEARCH_USER_PATHS = NO;
				CLANG_CXX_LANGUAGE_STANDARD = "gnu++0x";
				CLANG_CXX_LIBRARY = "libc++";
				CLANG_ENABLE_MODULES = YES;
				CLANG_ENABLE_OBJC_ARC = YES;
				CLANG_WARN_BOOL_CONVERSION = YES;
				CLANG_WARN_CONSTANT_CONVERSION = YES;
				CLANG_WARN_DIRECT_OBJC_ISA_USAGE = YES_ERROR;
				CLANG_WARN_EMPTY_BODY = YES;
				CLANG_WARN_ENUM_CONVERSION = YES;
				CLANG_WARN_INT_CONVERSION = YES;
				CLANG_WARN_OBJC_ROOT_CLASS = YES_ERROR;
				CLANG_WARN_UNREACHABLE_CODE = YES;
				CLANG_WARN__DUPLICATE_METHOD_MATCH = YES;
				"CODE_SIGN_IDENTITY[sdk=iphoneos*]" = "iPhone Developer";
				COPY_PHASE_STRIP = NO;
				DEBUG_INFORMATION_FORMAT = dwarf;
				ENABLE_STRICT_OBJC_MSGSEND = YES;
				ENABLE_TESTABILITY = YES;
				GCC_C_LANGUAGE_STANDARD = gnu99;
				GCC_DYNAMIC_NO_PIC = NO;
				GCC_NO_COMMON_BLOCKS = YES;
				GCC_OPTIMIZATION_LEVEL = 0;
				GCC_PREPROCESSOR_DEFINITIONS = (
					"DEBUG=1",
					"$(inherited)",
				);
				GCC_WARN_64_TO_32_BIT_CONVERSION = YES;
				GCC_WARN_ABOUT_RETURN_TYPE = YES_ERROR;
				GCC_WARN_UNDECLARED_SELECTOR = YES;
				GCC_WARN_UNINITIALIZED_AUTOS = YES_AGGRESSIVE;
				GCC_WARN_UNUSED_FUNCTION = YES;
				GCC_WARN_UNUSED_VARIABLE = YES;
				IPHONEOS_DEPLOYMENT_TARGET = 9.2;
				MTL_ENABLE_DEBUG_INFO = YES;
				ONLY_ACTIVE_ARCH = YES;
				SDKROOT = iphoneos;
			};
			name = Debug;
		};
		E2496B611C8DAA1B00B45EE1 /* Release */ = {
			isa = XCBuildConfiguration;
			buildSettings = {
				ALWAYS_SEARCH_USER_PATHS = NO;
				CLANG_CXX_LANGUAGE_STANDARD = "gnu++0x";
				CLANG_CXX_LIBRARY = "libc++";
				CLANG_ENABLE_MODULES = YES;
				CLANG_ENABLE_OBJC_ARC = YES;
				CLANG_WARN_BOOL_CONVERSION = YES;
				CLANG_WARN_CONSTANT_CONVERSION = YES;
				CLANG_WARN_DIRECT_OBJC_ISA_USAGE = YES_ERROR;
				CLANG_WARN_EMPTY_BODY = YES;
				CLANG_WARN_ENUM_CONVERSION = YES;
				CLANG_WARN_INT_CONVERSION = YES;
				CLANG_WARN_OBJC_ROOT_CLASS = YES_ERROR;
				CLANG_WARN_UNREACHABLE_CODE = YES;
				CLANG_WARN__DUPLICATE_METHOD_MATCH = YES;
				"CODE_SIGN_IDENTITY[sdk=iphoneos*]" = "iPhone Developer";
				COPY_PHASE_STRIP = NO;
				DEBUG_INFORMATION_FORMAT = "dwarf-with-dsym";
				ENABLE_NS_ASSERTIONS = NO;
				ENABLE_STRICT_OBJC_MSGSEND = YES;
				GCC_C_LANGUAGE_STANDARD = gnu99;
				GCC_NO_COMMON_BLOCKS = YES;
				GCC_WARN_64_TO_32_BIT_CONVERSION = YES;
				GCC_WARN_ABOUT_RETURN_TYPE = YES_ERROR;
				GCC_WARN_UNDECLARED_SELECTOR = YES;
				GCC_WARN_UNINITIALIZED_AUTOS = YES_AGGRESSIVE;
				GCC_WARN_UNUSED_FUNCTION = YES;
				GCC_WARN_UNUSED_VARIABLE = YES;
				IPHONEOS_DEPLOYMENT_TARGET = 9.2;
				MTL_ENABLE_DEBUG_INFO = NO;
				SDKROOT = iphoneos;
				VALIDATE_PRODUCT = YES;
			};
			name = Release;
		};
		E2496B631C8DAA1B00B45EE1 /* Debug */ = {
			isa = XCBuildConfiguration;
			buildSettings = {
				ASSETCATALOG_COMPILER_APPICON_NAME = AppIcon;
				INFOPLIST_FILE = sinaWeiBo/Info.plist;
				LD_RUNPATH_SEARCH_PATHS = "$(inherited) @executable_path/Frameworks";
				PRODUCT_BUNDLE_IDENTIFIER = com.zhenglilan.instructor.sinaWeiBo;
				PRODUCT_NAME = "$(TARGET_NAME)";
			};
			name = Debug;
		};
		E2496B641C8DAA1B00B45EE1 /* Release */ = {
			isa = XCBuildConfiguration;
			buildSettings = {
				ASSETCATALOG_COMPILER_APPICON_NAME = AppIcon;
				INFOPLIST_FILE = sinaWeiBo/Info.plist;
				LD_RUNPATH_SEARCH_PATHS = "$(inherited) @executable_path/Frameworks";
				PRODUCT_BUNDLE_IDENTIFIER = com.zhenglilan.instructor.sinaWeiBo;
				PRODUCT_NAME = "$(TARGET_NAME)";
			};
			name = Release;
		};
		E2496B661C8DAA1B00B45EE1 /* Debug */ = {
			isa = XCBuildConfiguration;
			buildSettings = {
				BUNDLE_LOADER = "$(TEST_HOST)";
				INFOPLIST_FILE = sinaWeiBoTests/Info.plist;
				LD_RUNPATH_SEARCH_PATHS = "$(inherited) @executable_path/Frameworks @loader_path/Frameworks";
				PRODUCT_BUNDLE_IDENTIFIER = com.zhenglilan.instructor.sinaWeiBoTests;
				PRODUCT_NAME = "$(TARGET_NAME)";
				TEST_HOST = "$(BUILT_PRODUCTS_DIR)/sinaWeiBo.app/sinaWeiBo";
			};
			name = Debug;
		};
		E2496B671C8DAA1B00B45EE1 /* Release */ = {
			isa = XCBuildConfiguration;
			buildSettings = {
				BUNDLE_LOADER = "$(TEST_HOST)";
				INFOPLIST_FILE = sinaWeiBoTests/Info.plist;
				LD_RUNPATH_SEARCH_PATHS = "$(inherited) @executable_path/Frameworks @loader_path/Frameworks";
				PRODUCT_BUNDLE_IDENTIFIER = com.zhenglilan.instructor.sinaWeiBoTests;
				PRODUCT_NAME = "$(TARGET_NAME)";
				TEST_HOST = "$(BUILT_PRODUCTS_DIR)/sinaWeiBo.app/sinaWeiBo";
			};
			name = Release;
		};
		E2496B691C8DAA1B00B45EE1 /* Debug */ = {
			isa = XCBuildConfiguration;
			buildSettings = {
				INFOPLIST_FILE = sinaWeiBoUITests/Info.plist;
				LD_RUNPATH_SEARCH_PATHS = "$(inherited) @executable_path/Frameworks @loader_path/Frameworks";
				PRODUCT_BUNDLE_IDENTIFIER = com.zhenglilan.instructor.sinaWeiBoUITests;
				PRODUCT_NAME = "$(TARGET_NAME)";
				TEST_TARGET_NAME = sinaWeiBo;
				USES_XCTRUNNER = YES;
			};
			name = Debug;
		};
		E2496B6A1C8DAA1B00B45EE1 /* Release */ = {
			isa = XCBuildConfiguration;
			buildSettings = {
				INFOPLIST_FILE = sinaWeiBoUITests/Info.plist;
				LD_RUNPATH_SEARCH_PATHS = "$(inherited) @executable_path/Frameworks @loader_path/Frameworks";
				PRODUCT_BUNDLE_IDENTIFIER = com.zhenglilan.instructor.sinaWeiBoUITests;
				PRODUCT_NAME = "$(TARGET_NAME)";
				TEST_TARGET_NAME = sinaWeiBo;
				USES_XCTRUNNER = YES;
			};
			name = Release;
		};
/* End XCBuildConfiguration section */

/* Begin XCConfigurationList section */
		E2496B301C8DAA1B00B45EE1 /* Build configuration list for PBXProject "sinaWeiBo" */ = {
			isa = XCConfigurationList;
			buildConfigurations = (
				E2496B601C8DAA1B00B45EE1 /* Debug */,
				E2496B611C8DAA1B00B45EE1 /* Release */,
			);
			defaultConfigurationIsVisible = 0;
			defaultConfigurationName = Release;
		};
		E2496B621C8DAA1B00B45EE1 /* Build configuration list for PBXNativeTarget "sinaWeiBo" */ = {
			isa = XCConfigurationList;
			buildConfigurations = (
				E2496B631C8DAA1B00B45EE1 /* Debug */,
				E2496B641C8DAA1B00B45EE1 /* Release */,
			);
			defaultConfigurationIsVisible = 0;
		};
		E2496B651C8DAA1B00B45EE1 /* Build configuration list for PBXNativeTarget "sinaWeiBoTests" */ = {
			isa = XCConfigurationList;
			buildConfigurations = (
				E2496B661C8DAA1B00B45EE1 /* Debug */,
				E2496B671C8DAA1B00B45EE1 /* Release */,
			);
			defaultConfigurationIsVisible = 0;
		};
		E2496B681C8DAA1B00B45EE1 /* Build configuration list for PBXNativeTarget "sinaWeiBoUITests" */ = {
			isa = XCConfigurationList;
			buildConfigurations = (
				E2496B691C8DAA1B00B45EE1 /* Debug */,
				E2496B6A1C8DAA1B00B45EE1 /* Release */,
			);
			defaultConfigurationIsVisible = 0;
		};
/* End XCConfigurationList section */
	};
	rootObject = E2496B2D1C8DAA1B00B45EE1 /* Project object */;
}
